{
  "originHash" : "24e9314ce989bfd1c8320c96841693aa5a79f75987c72027a1c510dbcd488955",
  "pins" : [
    {
      "identity" : "capacitor-swift-pm",
      "kind" : "remoteSourceControl",
      "location" : "https://github.com/ionic-team/capacitor-swift-pm.git",
      "state" : {
        "revision" : "3e7ccfb8ab4d321ffcbd4e490234758e139f8a09",
        "version" : "8.0.1"
      }
    },
    {
      "identity" : "ion-ios-geolocation",
      "kind" : "remoteSourceControl",
      "location" : "https://github.com/ionic-team/ion-ios-geolocation.git",
      "state" : {
        "revision" : "5b722138d4ddc81275e0405acfd812a497519970",
        "version" : "2.0.0"
      }
    }
  ],
  "version" : 3
}
